
Microsoft Visual Studio Solution File, Format Version 12.00
# Visual Studio Version 17
VisualStudioVersion = 17.14.36429.23 d17.14
MinimumVisualStudioVersion = 10.0.40219.1
Project("{FAE04EC0-301F-11D3-BF4B-00C04F79EFBC}") = "StudentsForm", "StudentsForm.csproj", "{DE18E348-1F13-4370-AAC3-80A67921FC5F}"
EndProject
Global
	GlobalSection(SolutionConfigurationPlatforms) = preSolution
		Debug|Any CPU = Debug|Any CPU
		Release|Any CPU = Release|Any CPU
	EndGlobalSection
	GlobalSection(ProjectConfigurationPlatforms) = postSolution
		{DE18E348-1F13-4370-AAC3-80A67921FC5F}.Debug|Any CPU.ActiveCfg = Debug|Any CPU
		{DE18E348-1F13-4370-AAC3-80A67921FC5F}.Debug|Any CPU.Build.0 = Debug|Any CPU
		{DE18E348-1F13-4370-AAC3-80A67921FC5F}.Release|Any CPU.ActiveCfg = Release|Any CPU
		{DE18E348-1F13-4370-AAC3-80A67921FC5F}.Release|Any CPU.Build.0 = Release|Any CPU
	EndGlobalSection
	GlobalSection(SolutionProperties) = preSolution
		HideSolutionNode = FALSE
	EndGlobalSection
	GlobalSection(ExtensibilityGlobals) = postSolution
		SolutionGuid = {C6D930E0-50A1-4ADF-A551-1CAB51AF563F}
	EndGlobalSection
EndGlobal
